
Microsoft Visual Studio Solution File, Format Version 12.00
# Visual Studio Version 16
VisualStudioVersion = 16.0.29009.5
MinimumVisualStudioVersion = 10.0.40219.1
Project("{8BC9CEB8-8B4A-11D0-8D11-00A0C91BC942}") = "Djs", "Djs\Djs.vcxproj", "{B41D639D-AABA-4F85-85D3-64F5AB6402FD}"
EndProject
Global
	GlobalSection(SolutionConfigurationPlatforms) = preSolution
		Debug|x64 = Debug|x64
		Debug|x86 = Debug|x86
		Release|x64 = Release|x64
		Release|x86 = Release|x86
	EndGlobalSection
	GlobalSection(ProjectConfigurationPlatforms) = postSolution
		{B41D639D-AABA-4F85-85D3-64F5AB6402FD}.Debug|x64.ActiveCfg = Debug|x64
		{B41D639D-AABA-4F85-85D3-64F5AB6402FD}.Debug|x64.Build.0 = Debug|x64
		{B41D639D-AABA-4F85-85D3-64F5AB6402FD}.Debug|x86.ActiveCfg = Debug|Win32
		{B41D639D-AABA-4F85-85D3-64F5AB6402FD}.Debug|x86.Build.0 = Debug|Win32
		{B41D639D-AABA-4F85-85D3-64F5AB6402FD}.Release|x64.ActiveCfg = Release|x64
		{B41D639D-AABA-4F85-85D3-64F5AB6402FD}.Release|x64.Build.0 = Release|x64
		{B41D639D-AABA-4F85-85D3-64F5AB6402FD}.Release|x86.ActiveCfg = Release|Win32
		{B41D639D-AABA-4F85-85D3-64F5AB6402FD}.Release|x86.Build.0 = Release|Win32
	EndGlobalSection
	GlobalSection(SolutionProperties) = preSolution
		HideSolutionNode = FALSE
	EndGlobalSection
	GlobalSection(ExtensibilityGlobals) = postSolution
		SolutionGuid = {BC467517-BB8F-4D21-AFF3-C8C3FAC832FA}
	EndGlobalSection
EndGlobal
